
Microsoft Visual Studio Solution File, Format Version 12.00
# Visual Studio Version 17
VisualStudioVersion = 17.13.35931.197
MinimumVisualStudioVersion = 10.0.40219.1
Project("{FAE04EC0-301F-11D3-BF4B-00C04F79EFBC}") = "Задание 1", "задание 1\Задание 1.csproj", "{75BE0EF5-72F1-4ABC-BD03-9E892F490AC9}"
EndProject
Project("{FAE04EC0-301F-11D3-BF4B-00C04F79EFBC}") = "Задание 2", "Задание2\Задание 2.csproj", "{F33F7A6F-DAAE-4082-9A99-E88359FA495A}"
EndProject
Project("{FAE04EC0-301F-11D3-BF4B-00C04F79EFBC}") = "Задание 3", "Задание 3\Задание 3.csproj", "{473984E8-FCE9-42E6-8442-65D5FDBF1B2C}"
EndProject
Project("{FAE04EC0-301F-11D3-BF4B-00C04F79EFBC}") = "Задание 4", "Задание 4\Задание 4.csproj", "{1500A4CD-99F3-4DE5-B06D-9CFD3C52C7AE}"
EndProject
Project("{FAE04EC0-301F-11D3-BF4B-00C04F79EFBC}") = "Задание 5", "Задание5\Задание 5.csproj", "{7132C390-6BC7-4FDC-9D08-2C07E06951C0}"
EndProject
Project("{FAE04EC0-301F-11D3-BF4B-00C04F79EFBC}") = "Задание 6", "Задание6\Задание 6.csproj", "{4CF45733-3B75-429C-85E0-65B6FBC9C62E}"
EndProject
Project("{FAE04EC0-301F-11D3-BF4B-00C04F79EFBC}") = "Задание 7", "Задание 7\Задание 7.csproj", "{D3AA9FAF-FC9A-4EA0-910F-2236D7672D7E}"
EndProject
Global
	GlobalSection(SolutionConfigurationPlatforms) = preSolution
		Debug|Any CPU = Debug|Any CPU
		Release|Any CPU = Release|Any CPU
	EndGlobalSection
	GlobalSection(ProjectConfigurationPlatforms) = postSolution
		{75BE0EF5-72F1-4ABC-BD03-9E892F490AC9}.Debug|Any CPU.ActiveCfg = Debug|Any CPU
		{75BE0EF5-72F1-4ABC-BD03-9E892F490AC9}.Debug|Any CPU.Build.0 = Debug|Any CPU
		{75BE0EF5-72F1-4ABC-BD03-9E892F490AC9}.Release|Any CPU.ActiveCfg = Release|Any CPU
		{75BE0EF5-72F1-4ABC-BD03-9E892F490AC9}.Release|Any CPU.Build.0 = Release|Any CPU
		{F33F7A6F-DAAE-4082-9A99-E88359FA495A}.Debug|Any CPU.ActiveCfg = Debug|Any CPU
		{F33F7A6F-DAAE-4082-9A99-E88359FA495A}.Debug|Any CPU.Build.0 = Debug|Any CPU
		{F33F7A6F-DAAE-4082-9A99-E88359FA495A}.Release|Any CPU.ActiveCfg = Release|Any CPU
		{F33F7A6F-DAAE-4082-9A99-E88359FA495A}.Release|Any CPU.Build.0 = Release|Any CPU
		{473984E8-FCE9-42E6-8442-65D5FDBF1B2C}.Debug|Any CPU.ActiveCfg = Debug|Any CPU
		{473984E8-FCE9-42E6-8442-65D5FDBF1B2C}.Debug|Any CPU.Build.0 = Debug|Any CPU
		{473984E8-FCE9-42E6-8442-65D5FDBF1B2C}.Release|Any CPU.ActiveCfg = Release|Any CPU
		{473984E8-FCE9-42E6-8442-65D5FDBF1B2C}.Release|Any CPU.Build.0 = Release|Any CPU
		{1500A4CD-99F3-4DE5-B06D-9CFD3C52C7AE}.Debug|Any CPU.ActiveCfg = Debug|Any CPU
		{1500A4CD-99F3-4DE5-B06D-9CFD3C52C7AE}.Debug|Any CPU.Build.0 = Debug|Any CPU
		{1500A4CD-99F3-4DE5-B06D-9CFD3C52C7AE}.Release|Any CPU.ActiveCfg = Release|Any CPU
		{1500A4CD-99F3-4DE5-B06D-9CFD3C52C7AE}.Release|Any CPU.Build.0 = Release|Any CPU
		{7132C390-6BC7-4FDC-9D08-2C07E06951C0}.Debug|Any CPU.ActiveCfg = Debug|Any CPU
		{7132C390-6BC7-4FDC-9D08-2C07E06951C0}.Debug|Any CPU.Build.0 = Debug|Any CPU
		{7132C390-6BC7-4FDC-9D08-2C07E06951C0}.Release|Any CPU.ActiveCfg = Release|Any CPU
		{7132C390-6BC7-4FDC-9D08-2C07E06951C0}.Release|Any CPU.Build.0 = Release|Any CPU
		{4CF45733-3B75-429C-85E0-65B6FBC9C62E}.Debug|Any CPU.ActiveCfg = Debug|Any CPU
		{4CF45733-3B75-429C-85E0-65B6FBC9C62E}.Debug|Any CPU.Build.0 = Debug|Any CPU
		{4CF45733-3B75-429C-85E0-65B6FBC9C62E}.Release|Any CPU.ActiveCfg = Release|Any CPU
		{4CF45733-3B75-429C-85E0-65B6FBC9C62E}.Release|Any CPU.Build.0 = Release|Any CPU
		{D3AA9FAF-FC9A-4EA0-910F-2236D7672D7E}.Debug|Any CPU.ActiveCfg = Debug|Any CPU
		{D3AA9FAF-FC9A-4EA0-910F-2236D7672D7E}.Debug|Any CPU.Build.0 = Debug|Any CPU
		{D3AA9FAF-FC9A-4EA0-910F-2236D7672D7E}.Release|Any CPU.ActiveCfg = Release|Any CPU
		{D3AA9FAF-FC9A-4EA0-910F-2236D7672D7E}.Release|Any CPU.Build.0 = Release|Any CPU
	EndGlobalSection
	GlobalSection(SolutionProperties) = preSolution
		HideSolutionNode = FALSE
	EndGlobalSection
	GlobalSection(ExtensibilityGlobals) = postSolution
		SolutionGuid = {7F066A8E-4017-47F6-8E7E-E3640905D430}
	EndGlobalSection
EndGlobal
